
Microsoft Visual Studio Solution File, Format Version 12.00
# Visual Studio Version 16
VisualStudioVersion = 16.0.29920.165
MinimumVisualStudioVersion = 10.0.40219.1
Project("{9A19103F-16F7-4668-BE54-9A1E7A4F7556}") = "TaxService", "TaxService\TaxService.csproj", "{44C50D25-5615-47C4-9EBC-9C937F181F1A}"
EndProject
Project("{9A19103F-16F7-4668-BE54-9A1E7A4F7556}") = "TaxService.Models", "TaxService.Models\TaxService.Models.csproj", "{BD6F8D49-8164-44AD-A325-63E264B2F5A2}"
EndProject
Project("{9A19103F-16F7-4668-BE54-9A1E7A4F7556}") = "TaxService.Tests", "TaxService.Tests\TaxService.Tests.csproj", "{EE6A1B11-94F7-4BC9-B47F-40691E40FC69}"
EndProject
Global
	GlobalSection(SolutionConfigurationPlatforms) = preSolution
		Debug|Any CPU = Debug|Any CPU
		Release|Any CPU = Release|Any CPU
	EndGlobalSection
	GlobalSection(ProjectConfigurationPlatforms) = postSolution
		{44C50D25-5615-47C4-9EBC-9C937F181F1A}.Debug|Any CPU.ActiveCfg = Debug|Any CPU
		{44C50D25-5615-47C4-9EBC-9C937F181F1A}.Debug|Any CPU.Build.0 = Debug|Any CPU
		{44C50D25-5615-47C4-9EBC-9C937F181F1A}.Release|Any CPU.ActiveCfg = Release|Any CPU
		{44C50D25-5615-47C4-9EBC-9C937F181F1A}.Release|Any CPU.Build.0 = Release|Any CPU
		{BD6F8D49-8164-44AD-A325-63E264B2F5A2}.Debug|Any CPU.ActiveCfg = Debug|Any CPU
		{BD6F8D49-8164-44AD-A325-63E264B2F5A2}.Debug|Any CPU.Build.0 = Debug|Any CPU
		{BD6F8D49-8164-44AD-A325-63E264B2F5A2}.Release|Any CPU.ActiveCfg = Release|Any CPU
		{BD6F8D49-8164-44AD-A325-63E264B2F5A2}.Release|Any CPU.Build.0 = Release|Any CPU
		{EE6A1B11-94F7-4BC9-B47F-40691E40FC69}.Debug|Any CPU.ActiveCfg = Debug|Any CPU
		{EE6A1B11-94F7-4BC9-B47F-40691E40FC69}.Debug|Any CPU.Build.0 = Debug|Any CPU
		{EE6A1B11-94F7-4BC9-B47F-40691E40FC69}.Release|Any CPU.ActiveCfg = Release|Any CPU
		{EE6A1B11-94F7-4BC9-B47F-40691E40FC69}.Release|Any CPU.Build.0 = Release|Any CPU
	EndGlobalSection
	GlobalSection(SolutionProperties) = preSolution
		HideSolutionNode = FALSE
	EndGlobalSection
	GlobalSection(ExtensibilityGlobals) = postSolution
		SolutionGuid = {1E846227-F648-4F1E-BE27-CAF0A4A1A3D6}
	EndGlobalSection
EndGlobal
