
Microsoft Visual Studio Solution File, Format Version 12.00
# Visual Studio Version 16
VisualStudioVersion = 16.0.29920.165
MinimumVisualStudioVersion = 10.0.40219.1
Project("{FAE04EC0-301F-11D3-BF4B-00C04F79EFBC}") = "TaxService.Models", "TaxService.Models.csproj", "{E55E42AE-A874-41FF-8AAC-D6BAF888C37B}"
EndProject
Global
	GlobalSection(SolutionConfigurationPlatforms) = preSolution
		Debug|Any CPU = Debug|Any CPU
		Release|Any CPU = Release|Any CPU
	EndGlobalSection
	GlobalSection(ProjectConfigurationPlatforms) = postSolution
		{E55E42AE-A874-41FF-8AAC-D6BAF888C37B}.Debug|Any CPU.ActiveCfg = Debug|Any CPU
		{E55E42AE-A874-41FF-8AAC-D6BAF888C37B}.Debug|Any CPU.Build.0 = Debug|Any CPU
		{E55E42AE-A874-41FF-8AAC-D6BAF888C37B}.Release|Any CPU.ActiveCfg = Release|Any CPU
		{E55E42AE-A874-41FF-8AAC-D6BAF888C37B}.Release|Any CPU.Build.0 = Release|Any CPU
	EndGlobalSection
	GlobalSection(SolutionProperties) = preSolution
		HideSolutionNode = FALSE
	EndGlobalSection
	GlobalSection(ExtensibilityGlobals) = postSolution
		SolutionGuid = {3F9CD014-4C62-4573-A67B-E76C53EC4467}
	EndGlobalSection
EndGlobal
